
Microsoft Visual Studio Solution File, Format Version 12.00
# Visual Studio 15
VisualStudioVersion = 15.0.27703.2042
MinimumVisualStudioVersion = 10.0.40219.1
Project("{2150E333-8FDC-42A3-9474-1A3956D46DE8}") = "APIs", "APIs", "{6C894886-2AF0-4FDF-A72A-7D06ACB33222}"
EndProject
Project("{2150E333-8FDC-42A3-9474-1A3956D46DE8}") = "Business Logic", "Business Logic", "{FA36125B-4DD8-4022-9CC4-F99AE6AD5948}"
EndProject
Project("{2150E333-8FDC-42A3-9474-1A3956D46DE8}") = "Repository", "Repository", "{F1D1CDA7-4B41-4350-BCC7-7CF684CC850A}"
EndProject
Project("{2150E333-8FDC-42A3-9474-1A3956D46DE8}") = "Display Service", "Display Service", "{B0F8946F-271E-4924-9CB1-6ABC0F2C6112}"
EndProject
Project("{2150E333-8FDC-42A3-9474-1A3956D46DE8}") = "Common", "Common", "{1635A79F-4400-4E60-8554-CEA41A8D49DF}"
EndProject
Project("{2150E333-8FDC-42A3-9474-1A3956D46DE8}") = "Helper", "Helper", "{F2D68496-7A87-4114-A7B0-7AE917E14DF0}"
EndProject
Project("{2150E333-8FDC-42A3-9474-1A3956D46DE8}") = "Utility", "Utility", "{20C898E0-2F4B-4DA2-9310-6E40E884D268}"
EndProject
Project("{9A19103F-16F7-4668-BE54-9A1E7A4F7556}") = "Common.Utility", "Common.Utility\Common.Utility.csproj", "{BB6CE27F-6538-4271-99AF-8B98744FEEE3}"
EndProject
Project("{9A19103F-16F7-4668-BE54-9A1E7A4F7556}") = "Feed.BusinessLogic", "Feed.BusinessLogic\Feed.BusinessLogic.csproj", "{F399D765-8B12-404C-AC2F-97E82B8FDE06}"
EndProject
Project("{9A19103F-16F7-4668-BE54-9A1E7A4F7556}") = "Feed.Repository", "Feed.Repository\Feed.Repository.csproj", "{F2065812-D06F-4091-B1FC-379935AEF001}"
EndProject
Project("{9A19103F-16F7-4668-BE54-9A1E7A4F7556}") = "User.Follower.Api", "User.Follower.Api\User.Follower.Api.csproj", "{79AC7895-3731-466D-8D4A-B9BE4BEB3A1D}"
EndProject
Project("{9A19103F-16F7-4668-BE54-9A1E7A4F7556}") = "Display.Service", "Display.Service\Display.Service.csproj", "{0815E8FC-B44D-4EC6-9015-AEEEC0321C0B}"
EndProject
Project("{9A19103F-16F7-4668-BE54-9A1E7A4F7556}") = "Common.Helper.Api", "Common.Helper.Api\Common.Helper.Api.csproj", "{C2E453C2-9153-47C4-8E26-115D01E56C7C}"
EndProject
Project("{FAE04EC0-301F-11D3-BF4B-00C04F79EFBC}") = "Common.Api", "Common.Api\Common.Api.csproj", "{8D7B6FB7-109A-49A6-9229-8A3757A15C96}"
EndProject
Project("{2150E333-8FDC-42A3-9474-1A3956D46DE8}") = "Test", "Test", "{70AFF015-F383-405E-B044-A71B758D061E}"
EndProject
Project("{FAE04EC0-301F-11D3-BF4B-00C04F79EFBC}") = "Feed.Test", "Feed.Test\Feed.Test.csproj", "{8DF6B3AE-B6B3-4C99-953C-5348393B5FDE}"
EndProject
Global
	GlobalSection(SolutionConfigurationPlatforms) = preSolution
		Debug|Any CPU = Debug|Any CPU
		Release|Any CPU = Release|Any CPU
	EndGlobalSection
	GlobalSection(ProjectConfigurationPlatforms) = postSolution
		{BB6CE27F-6538-4271-99AF-8B98744FEEE3}.Debug|Any CPU.ActiveCfg = Debug|Any CPU
		{BB6CE27F-6538-4271-99AF-8B98744FEEE3}.Debug|Any CPU.Build.0 = Debug|Any CPU
		{BB6CE27F-6538-4271-99AF-8B98744FEEE3}.Release|Any CPU.ActiveCfg = Release|Any CPU
		{BB6CE27F-6538-4271-99AF-8B98744FEEE3}.Release|Any CPU.Build.0 = Release|Any CPU
		{F399D765-8B12-404C-AC2F-97E82B8FDE06}.Debug|Any CPU.ActiveCfg = Debug|Any CPU
		{F399D765-8B12-404C-AC2F-97E82B8FDE06}.Debug|Any CPU.Build.0 = Debug|Any CPU
		{F399D765-8B12-404C-AC2F-97E82B8FDE06}.Release|Any CPU.ActiveCfg = Release|Any CPU
		{F399D765-8B12-404C-AC2F-97E82B8FDE06}.Release|Any CPU.Build.0 = Release|Any CPU
		{F2065812-D06F-4091-B1FC-379935AEF001}.Debug|Any CPU.ActiveCfg = Debug|Any CPU
		{F2065812-D06F-4091-B1FC-379935AEF001}.Debug|Any CPU.Build.0 = Debug|Any CPU
		{F2065812-D06F-4091-B1FC-379935AEF001}.Release|Any CPU.ActiveCfg = Release|Any CPU
		{F2065812-D06F-4091-B1FC-379935AEF001}.Release|Any CPU.Build.0 = Release|Any CPU
		{79AC7895-3731-466D-8D4A-B9BE4BEB3A1D}.Debug|Any CPU.ActiveCfg = Debug|Any CPU
		{79AC7895-3731-466D-8D4A-B9BE4BEB3A1D}.Debug|Any CPU.Build.0 = Debug|Any CPU
		{79AC7895-3731-466D-8D4A-B9BE4BEB3A1D}.Release|Any CPU.ActiveCfg = Release|Any CPU
		{79AC7895-3731-466D-8D4A-B9BE4BEB3A1D}.Release|Any CPU.Build.0 = Release|Any CPU
		{0815E8FC-B44D-4EC6-9015-AEEEC0321C0B}.Debug|Any CPU.ActiveCfg = Debug|Any CPU
		{0815E8FC-B44D-4EC6-9015-AEEEC0321C0B}.Debug|Any CPU.Build.0 = Debug|Any CPU
		{0815E8FC-B44D-4EC6-9015-AEEEC0321C0B}.Release|Any CPU.ActiveCfg = Release|Any CPU
		{0815E8FC-B44D-4EC6-9015-AEEEC0321C0B}.Release|Any CPU.Build.0 = Release|Any CPU
		{C2E453C2-9153-47C4-8E26-115D01E56C7C}.Debug|Any CPU.ActiveCfg = Debug|Any CPU
		{C2E453C2-9153-47C4-8E26-115D01E56C7C}.Debug|Any CPU.Build.0 = Debug|Any CPU
		{C2E453C2-9153-47C4-8E26-115D01E56C7C}.Release|Any CPU.ActiveCfg = Release|Any CPU
		{C2E453C2-9153-47C4-8E26-115D01E56C7C}.Release|Any CPU.Build.0 = Release|Any CPU
		{8D7B6FB7-109A-49A6-9229-8A3757A15C96}.Debug|Any CPU.ActiveCfg = Debug|Any CPU
		{8D7B6FB7-109A-49A6-9229-8A3757A15C96}.Debug|Any CPU.Build.0 = Debug|Any CPU
		{8D7B6FB7-109A-49A6-9229-8A3757A15C96}.Release|Any CPU.ActiveCfg = Release|Any CPU
		{8D7B6FB7-109A-49A6-9229-8A3757A15C96}.Release|Any CPU.Build.0 = Release|Any CPU
		{8DF6B3AE-B6B3-4C99-953C-5348393B5FDE}.Debug|Any CPU.ActiveCfg = Debug|Any CPU
		{8DF6B3AE-B6B3-4C99-953C-5348393B5FDE}.Debug|Any CPU.Build.0 = Debug|Any CPU
		{8DF6B3AE-B6B3-4C99-953C-5348393B5FDE}.Release|Any CPU.ActiveCfg = Release|Any CPU
		{8DF6B3AE-B6B3-4C99-953C-5348393B5FDE}.Release|Any CPU.Build.0 = Release|Any CPU
	EndGlobalSection
	GlobalSection(SolutionProperties) = preSolution
		HideSolutionNode = FALSE
	EndGlobalSection
	GlobalSection(NestedProjects) = preSolution
		{F2D68496-7A87-4114-A7B0-7AE917E14DF0} = {1635A79F-4400-4E60-8554-CEA41A8D49DF}
		{20C898E0-2F4B-4DA2-9310-6E40E884D268} = {1635A79F-4400-4E60-8554-CEA41A8D49DF}
		{BB6CE27F-6538-4271-99AF-8B98744FEEE3} = {20C898E0-2F4B-4DA2-9310-6E40E884D268}
		{F399D765-8B12-404C-AC2F-97E82B8FDE06} = {FA36125B-4DD8-4022-9CC4-F99AE6AD5948}
		{F2065812-D06F-4091-B1FC-379935AEF001} = {F1D1CDA7-4B41-4350-BCC7-7CF684CC850A}
		{79AC7895-3731-466D-8D4A-B9BE4BEB3A1D} = {6C894886-2AF0-4FDF-A72A-7D06ACB33222}
		{0815E8FC-B44D-4EC6-9015-AEEEC0321C0B} = {B0F8946F-271E-4924-9CB1-6ABC0F2C6112}
		{C2E453C2-9153-47C4-8E26-115D01E56C7C} = {F2D68496-7A87-4114-A7B0-7AE917E14DF0}
		{8D7B6FB7-109A-49A6-9229-8A3757A15C96} = {1635A79F-4400-4E60-8554-CEA41A8D49DF}
		{8DF6B3AE-B6B3-4C99-953C-5348393B5FDE} = {70AFF015-F383-405E-B044-A71B758D061E}
	EndGlobalSection
	GlobalSection(ExtensibilityGlobals) = postSolution
		SolutionGuid = {229A8562-4BE4-4203-A6DD-E0863669FA43}
	EndGlobalSection
EndGlobal
